<?xml version="1.0" encoding="utf-8"?>
<Project ToolsVersion="4.0" xmlns="http://schemas.microsoft.com/developer/msbuild/2003">
  <ItemGroup>
    <Filter Include="Pulse">
      <UniqueIdentifier>{6EABE80D-DABF-10BF-A341-B41E0F150DF0}</UniqueIdentifier>
    </Filter>
    <Filter Include="Pulse\Events">
      <UniqueIdentifier>{926FD9A1-7ED2-6846-2758-A1FC139A34C9}</UniqueIdentifier>
    </Filter>
    <Filter Include="Pulse\Modules">
      <UniqueIdentifier>{36C67634-A286-F26A-6BC1-3BE8D7403747}</UniqueIdentifier>
    </Filter>
    <Filter Include="Pulse\Utility">
      <UniqueIdentifier>{B1F747A8-1DB8-C3DE-E6F2-0C5C527208BB}</UniqueIdentifier>
    </Filter>
  </ItemGroup>
  <ItemGroup>
    <ClInclude Include="src\Pulse.h" />
    <ClInclude Include="src\Pulse\Application.h">
      <Filter>Pulse</Filter>
    </ClInclude>
    <ClInclude Include="src\Pulse\Core.h">
      <Filter>Pulse</Filter>
    </ClInclude>
    <ClInclude Include="src\Pulse\EntryPoint.h">
      <Filter>Pulse</Filter>
    </ClInclude>
    <ClInclude Include="src\Pulse\Events\Event.h">
      <Filter>Pulse\Events</Filter>
    </ClInclude>
    <ClInclude Include="src\Pulse\Events\EventListener.h">
      <Filter>Pulse\Events</Filter>
    </ClInclude>
    <ClInclude Include="src\Pulse\Events\IEventListener.h">
      <Filter>Pulse\Events</Filter>
    </ClInclude>
    <ClInclude Include="src\Pulse\Events\ListenerPool.h">
      <Filter>Pulse\Events</Filter>
    </ClInclude>
    <ClInclude Include="src\Pulse\Log.h">
      <Filter>Pulse</Filter>
    </ClInclude>
    <ClInclude Include="src\Pulse\Modules\IModule.h">
      <Filter>Pulse\Modules</Filter>
    </ClInclude>
    <ClInclude Include="src\Pulse\Modules\ModuleManager.h">
      <Filter>Pulse\Modules</Filter>
    </ClInclude>
    <ClInclude Include="src\Pulse\Utility\Stopwatch.h" />
  </ItemGroup>
  <ItemGroup>
    <ClCompile Include="src\Pulse\Application.cpp">
      <Filter>Pulse</Filter>
    </ClCompile>
    <ClCompile Include="src\Pulse\Events\EventListener.cpp">
      <Filter>Pulse\Events</Filter>
    </ClCompile>
    <ClCompile Include="src\Pulse\Events\IEventListener.cpp">
      <Filter>Pulse\Events</Filter>
    </ClCompile>
    <ClCompile Include="src\Pulse\Events\ListenerPool.cpp">
      <Filter>Pulse\Events</Filter>
    </ClCompile>
    <ClCompile Include="src\Pulse\Log.cpp">
      <Filter>Pulse</Filter>
    </ClCompile>
    <ClCompile Include="src\Pulse\Modules\ModuleManager.cpp">
      <Filter>Pulse\Modules</Filter>
    </ClCompile>
    <ClCompile Include="src\Pulse\Utility\Stopwatch.cpp" />
  </ItemGroup>
  <ItemGroup>
    <None Include="src\Pulse\Utility\Stopwatch.tpp" />
  </ItemGroup>
</Project>