<?xml version="1.0" encoding="utf-8"?>
<Project ToolsVersion="4.0" xmlns="http://schemas.microsoft.com/developer/msbuild/2003">
  <ItemGroup>
    <Filter Include="src">
      <UniqueIdentifier>{2DAB880B-99B4-887C-2230-9F7C8E38947C}</UniqueIdentifier>
    </Filter>
    <Filter Include="src\Pulse">
      <UniqueIdentifier>{C5B9A5B3-3124-5A2A-7A62-0BD0E60B387F}</UniqueIdentifier>
    </Filter>
    <Filter Include="src\Pulse\Core">
      <UniqueIdentifier>{3DC1221C-298F-1622-1223-8748FE8FF286}</UniqueIdentifier>
    </Filter>
    <Filter Include="src\Pulse\Core\Logging">
      <UniqueIdentifier>{D38EC9F5-BF88-F247-A8F5-8858948E58B4}</UniqueIdentifier>
    </Filter>
    <Filter Include="src\Pulse\Events">
      <UniqueIdentifier>{0916FAB4-F50E-1907-1E41-FE8B0A99F812}</UniqueIdentifier>
    </Filter>
    <Filter Include="src\Pulse\Modules">
      <UniqueIdentifier>{8D3BACAB-F951-AA41-42C9-3563AE1E7BC9}</UniqueIdentifier>
    </Filter>
    <Filter Include="src\Pulse\Modules\ImGui">
      <UniqueIdentifier>{77668841-E39D-D0D8-ECA7-34FC585EF7D1}</UniqueIdentifier>
    </Filter>
    <Filter Include="src\Pulse\Modules\Input">
      <UniqueIdentifier>{4CA18941-B8D8-D1D8-C1E2-35FC2D99F8D1}</UniqueIdentifier>
    </Filter>
    <Filter Include="src\Pulse\Modules\Input\Platform">
      <UniqueIdentifier>{2013C07F-0C64-ABC1-35C8-998321783E2B}</UniqueIdentifier>
    </Filter>
    <Filter Include="src\Pulse\Modules\Input\Platform\Windows">
      <UniqueIdentifier>{5ADDBE91-465A-B2D4-6FD7-B2E85BB34E68}</UniqueIdentifier>
    </Filter>
    <Filter Include="src\Pulse\Modules\Window">
      <UniqueIdentifier>{D4270A93-C04C-5913-E997-3EA3D51B5831}</UniqueIdentifier>
    </Filter>
    <Filter Include="src\Pulse\Modules\Window\Platform">
      <UniqueIdentifier>{A872D42E-14E1-29AE-5DCA-E4ADC9771F4A}</UniqueIdentifier>
    </Filter>
    <Filter Include="src\Pulse\Modules\Window\Platform\Windows">
      <UniqueIdentifier>{E244DE24-4E5F-41C6-9781-515A03DB68CD}</UniqueIdentifier>
    </Filter>
    <Filter Include="src\Pulse\Utility">
      <UniqueIdentifier>{086D7D1F-7483-7BB5-BDFA-06D729504C3D}</UniqueIdentifier>
    </Filter>
    <Filter Include="vendor">
      <UniqueIdentifier>{B3738122-9F15-ACF8-88D0-BF4C74113349}</UniqueIdentifier>
    </Filter>
    <Filter Include="vendor\imgui">
      <UniqueIdentifier>{5D3BD0F0-499E-5F95-F223-984BDE652B18}</UniqueIdentifier>
    </Filter>
    <Filter Include="vendor\imgui\backends">
      <UniqueIdentifier>{27CEAEAF-933A-6AAA-5C2E-0208C8598C12}</UniqueIdentifier>
    </Filter>
  </ItemGroup>
  <ItemGroup>
    <ClInclude Include="src\Pulse.h">
      <Filter>src</Filter>
    </ClInclude>
    <ClInclude Include="src\Pulse\Application.h">
      <Filter>src\Pulse</Filter>
    </ClInclude>
    <ClInclude Include="src\Pulse\Core\Core.h">
      <Filter>src\Pulse\Core</Filter>
    </ClInclude>
    <ClInclude Include="src\Pulse\Core\Logging\Log.h">
      <Filter>src\Pulse\Core\Logging</Filter>
    </ClInclude>
    <ClInclude Include="src\Pulse\EntryPoint.h">
      <Filter>src\Pulse</Filter>
    </ClInclude>
    <ClInclude Include="src\Pulse\Events\Event.h">
      <Filter>src\Pulse\Events</Filter>
    </ClInclude>
    <ClInclude Include="src\Pulse\Events\EventListener.h">
      <Filter>src\Pulse\Events</Filter>
    </ClInclude>
    <ClInclude Include="src\Pulse\Events\Events.h">
      <Filter>src\Pulse\Events</Filter>
    </ClInclude>
    <ClInclude Include="src\Pulse\Events\IEventListener.h">
      <Filter>src\Pulse\Events</Filter>
    </ClInclude>
    <ClInclude Include="src\Pulse\Modules\IModule.h">
      <Filter>src\Pulse\Modules</Filter>
    </ClInclude>
    <ClInclude Include="src\Pulse\Modules\IRenderImGuiModule.h">
      <Filter>src\Pulse\Modules</Filter>
    </ClInclude>
    <ClInclude Include="src\Pulse\Modules\IUpdatableModule.h">
      <Filter>src\Pulse\Modules</Filter>
    </ClInclude>
    <ClInclude Include="src\Pulse\Modules\ImGui\ImGuiModule.h">
      <Filter>src\Pulse\Modules\ImGui</Filter>
    </ClInclude>
    <ClInclude Include="src\Pulse\Modules\Input\GamepadCodes.h">
      <Filter>src\Pulse\Modules\Input</Filter>
    </ClInclude>
    <ClInclude Include="src\Pulse\Modules\Input\Input.h">
      <Filter>src\Pulse\Modules\Input</Filter>
    </ClInclude>
    <ClInclude Include="src\Pulse\Modules\Input\InputActions.h">
      <Filter>src\Pulse\Modules\Input</Filter>
    </ClInclude>
    <ClInclude Include="src\Pulse\Modules\Input\JoystickCodes.h">
      <Filter>src\Pulse\Modules\Input</Filter>
    </ClInclude>
    <ClInclude Include="src\Pulse\Modules\Input\KeyCodes.h">
      <Filter>src\Pulse\Modules\Input</Filter>
    </ClInclude>
    <ClInclude Include="src\Pulse\Modules\Input\MouseCodes.h">
      <Filter>src\Pulse\Modules\Input</Filter>
    </ClInclude>
    <ClInclude Include="src\Pulse\Modules\Input\Platform\Windows\WindowsInput.h">
      <Filter>src\Pulse\Modules\Input\Platform\Windows</Filter>
    </ClInclude>
    <ClInclude Include="src\Pulse\Modules\ModuleManager.h">
      <Filter>src\Pulse\Modules</Filter>
    </ClInclude>
    <ClInclude Include="src\Pulse\Modules\Window\Platform\Windows\WindowsWindow.h">
      <Filter>src\Pulse\Modules\Window\Platform\Windows</Filter>
    </ClInclude>
    <ClInclude Include="src\Pulse\Modules\Window\Window.h">
      <Filter>src\Pulse\Modules\Window</Filter>
    </ClInclude>
    <ClInclude Include="src\Pulse\Utility\Stopwatch.h">
      <Filter>src\Pulse\Utility</Filter>
    </ClInclude>
    <ClInclude Include="src\Pulse\Utility\UnicodeConverter.h">
      <Filter>src\Pulse\Utility</Filter>
    </ClInclude>
    <ClInclude Include="src\pch.h">
      <Filter>src</Filter>
    </ClInclude>
    <ClInclude Include="src\Pulse\Modules\Rendering\Renderer.h" />
    <ClInclude Include="src\Pulse\Modules\Rendering\GraphicsContext.h" />
    <ClInclude Include="src\Pulse\Modules\Rendering\OpenGL\OpenGLContext.h" />
  </ItemGroup>
  <ItemGroup>
    <ClCompile Include="src\Pulse\Application.cpp">
      <Filter>src\Pulse</Filter>
    </ClCompile>
    <ClCompile Include="src\Pulse\Core\Logging\Log.cpp">
      <Filter>src\Pulse\Core\Logging</Filter>
    </ClCompile>
    <ClCompile Include="src\Pulse\Events\EventListener.cpp">
      <Filter>src\Pulse\Events</Filter>
    </ClCompile>
    <ClCompile Include="src\Pulse\Events\IEventListener.cpp">
      <Filter>src\Pulse\Events</Filter>
    </ClCompile>
    <ClCompile Include="src\Pulse\Modules\ImGui\ImGuiModule.cpp">
      <Filter>src\Pulse\Modules\ImGui</Filter>
    </ClCompile>
    <ClCompile Include="src\Pulse\Modules\Input\Platform\Windows\WindowsInput.cpp">
      <Filter>src\Pulse\Modules\Input\Platform\Windows</Filter>
    </ClCompile>
    <ClCompile Include="src\Pulse\Modules\ModuleManager.cpp">
      <Filter>src\Pulse\Modules</Filter>
    </ClCompile>
    <ClCompile Include="src\Pulse\Utility\Stopwatch.cpp">
      <Filter>src\Pulse\Utility</Filter>
    </ClCompile>
    <ClCompile Include="src\Pulse\Utility\UnicodeConverter.cpp">
      <Filter>src\Pulse\Utility</Filter>
    </ClCompile>
    <ClCompile Include="src\pch.cpp">
      <Filter>src</Filter>
    </ClCompile>
    <ClCompile Include="vendor\imgui\backends\imgui_impl_glfw.cpp">
      <Filter>vendor\imgui\backends</Filter>
    </ClCompile>
    <ClCompile Include="vendor\imgui\backends\imgui_impl_opengl3.cpp">
      <Filter>vendor\imgui\backends</Filter>
    </ClCompile>
    <ClCompile Include="src\Pulse\Modules\Window\Platform\Windows\WindowsWindow.cpp" />
    <ClCompile Include="src\Pulse\Modules\Rendering\Renderer.cpp" />
    <ClCompile Include="src\Pulse\Modules\Rendering\GraphicsContext.cpp" />
    <ClCompile Include="src\Pulse\Modules\Rendering\OpenGL\OpenGLContext.cpp" />
  </ItemGroup>
</Project>